// !$*UTF8*$!
{
	archiveVersion = 1;
	classes = {
	};
	objectVersion = 50;
	objects = {

/* Begin PBXBuildFile section */
		020D572C22C4189600A74632 /* displayView.swift in Sources */ = {isa = PBXBuildFile; fileRef = 020D572B22C4189600A74632 /* displayView.swift */; };
		0211C69522BAAE3400D5F8C6 /* Section2TableViewCell.swift in Sources */ = {isa = PBXBuildFile; fileRef = 0211C69422BAAE3400D5F8C6 /* Section2TableViewCell.swift */; };
		0211C69722BAAE3E00D5F8C6 /* Constants.swift in Sources */ = {isa = PBXBuildFile; fileRef = 0211C69622BAAE3E00D5F8C6 /* Constants.swift */; };
		0211C69922BAAED200D5F8C6 /* AnchorExtension.swift in Sources */ = {isa = PBXBuildFile; fileRef = 0211C69822BAAED200D5F8C6 /* AnchorExtension.swift */; };
		0220528D22C2DD89000F85EE /* FirebaseAuth.framework in Frameworks */ = {isa = PBXBuildFile; fileRef = 0220528C22C2DD89000F85EE /* FirebaseAuth.framework */; };
		0226F25922BAD5EC00856910 /* IngredientsTableViewCell.swift in Sources */ = {isa = PBXBuildFile; fileRef = 0226F25822BAD5EB00856910 /* IngredientsTableViewCell.swift */; };
		0226F25B22BAD5F900856910 /* StepsTableViewCell.swift in Sources */ = {isa = PBXBuildFile; fileRef = 0226F25A22BAD5F900856910 /* StepsTableViewCell.swift */; };
		02A7F9AD22BB0815004DE917 /* Section3TableViewCell.swift in Sources */ = {isa = PBXBuildFile; fileRef = 02A7F9AC22BB0815004DE917 /* Section3TableViewCell.swift */; };
		02A7F9AF22BB0839004DE917 /* TagsTableViewCell.swift in Sources */ = {isa = PBXBuildFile; fileRef = 02A7F9AE22BB0839004DE917 /* TagsTableViewCell.swift */; };
		02A7F9BD22BB52C4004DE917 /* AddTableViewCell.swift in Sources */ = {isa = PBXBuildFile; fileRef = 02A7F9BC22BB52C4004DE917 /* AddTableViewCell.swift */; };
		02C1909B22BA820500B33086 /* Section1TableViewCell.swift in Sources */ = {isa = PBXBuildFile; fileRef = 02C1909A22BA820500B33086 /* Section1TableViewCell.swift */; };
		9732277922BAA8EA006F0A15 /* ProfileTableViewController.swift in Sources */ = {isa = PBXBuildFile; fileRef = 9732277822BAA8EA006F0A15 /* ProfileTableViewController.swift */; };
		9732277F22BACD5A006F0A15 /* ProfileRecipeTableViewCell.swift in Sources */ = {isa = PBXBuildFile; fileRef = 9732277E22BACD5A006F0A15 /* ProfileRecipeTableViewCell.swift */; };
		9732278322BB48F8006F0A15 /* ImagePickerHelper.swift in Sources */ = {isa = PBXBuildFile; fileRef = 9732278222BB48F8006F0A15 /* ImagePickerHelper.swift */; };
		97C417BE22CABD9800823933 /* ProfileHeaderCustomView.swift in Sources */ = {isa = PBXBuildFile; fileRef = 97C417BD22CABD9800823933 /* ProfileHeaderCustomView.swift */; };
		97C417C022CABDB400823933 /* EditProfileCustomView.swift in Sources */ = {isa = PBXBuildFile; fileRef = 97C417BF22CABDB400823933 /* EditProfileCustomView.swift */; };
		DC0C1A6522B4516500B219CB /* AppDelegate.swift in Sources */ = {isa = PBXBuildFile; fileRef = DC0C1A6422B4516500B219CB /* AppDelegate.swift */; };
		DC0C1A6A22B4516500B219CB /* Main.storyboard in Resources */ = {isa = PBXBuildFile; fileRef = DC0C1A6822B4516500B219CB /* Main.storyboard */; };
		DC0C1A6C22B4516500B219CB /* Assets.xcassets in Resources */ = {isa = PBXBuildFile; fileRef = DC0C1A6B22B4516500B219CB /* Assets.xcassets */; };
		DC0C1A6F22B4516500B219CB /* LaunchScreen.storyboard in Resources */ = {isa = PBXBuildFile; fileRef = DC0C1A6D22B4516500B219CB /* LaunchScreen.storyboard */; };
		DC1A861522C14E3100740F5D /* FirebaseCoreDiagnostics.framework in Frameworks */ = {isa = PBXBuildFile; fileRef = DC1A860422C14E3000740F5D /* FirebaseCoreDiagnostics.framework */; };
		DC1A861622C14E3100740F5D /* BoringSSL-GRPC.framework in Frameworks */ = {isa = PBXBuildFile; fileRef = DC1A860522C14E3000740F5D /* BoringSSL-GRPC.framework */; };
		DC1A861722C14E3100740F5D /* gRPC-Core.framework in Frameworks */ = {isa = PBXBuildFile; fileRef = DC1A860622C14E3000740F5D /* gRPC-Core.framework */; };
		DC1A861822C14E3100740F5D /* FirebaseCore.framework in Frameworks */ = {isa = PBXBuildFile; fileRef = DC1A860722C14E3000740F5D /* FirebaseCore.framework */; };
		DC1A861922C14E3100740F5D /* gRPC-C++.framework in Frameworks */ = {isa = PBXBuildFile; fileRef = DC1A860822C14E3100740F5D /* gRPC-C++.framework */; };
		DC1A861A22C14E3100740F5D /* FirebaseAnalytics.framework in Frameworks */ = {isa = PBXBuildFile; fileRef = DC1A860922C14E3100740F5D /* FirebaseAnalytics.framework */; };
		DC1A861C22C14E3100740F5D /* Protobuf.framework in Frameworks */ = {isa = PBXBuildFile; fileRef = DC1A860B22C14E3100740F5D /* Protobuf.framework */; };
		DC1A861D22C14E3100740F5D /* GoogleUtilities.framework in Frameworks */ = {isa = PBXBuildFile; fileRef = DC1A860C22C14E3100740F5D /* GoogleUtilities.framework */; };
		DC1A861E22C14E3100740F5D /* FIRAnalyticsConnector.framework in Frameworks */ = {isa = PBXBuildFile; fileRef = DC1A860D22C14E3100740F5D /* FIRAnalyticsConnector.framework */; };
		DC1A861F22C14E3100740F5D /* GoogleAppMeasurement.framework in Frameworks */ = {isa = PBXBuildFile; fileRef = DC1A860E22C14E3100740F5D /* GoogleAppMeasurement.framework */; };
		DC1A862022C14E3100740F5D /* leveldb-library.framework in Frameworks */ = {isa = PBXBuildFile; fileRef = DC1A860F22C14E3100740F5D /* leveldb-library.framework */; };
		DC1A862122C14E3100740F5D /* FirebaseFirestore.framework in Frameworks */ = {isa = PBXBuildFile; fileRef = DC1A861022C14E3100740F5D /* FirebaseFirestore.framework */; };
		DC1A862222C14E3100740F5D /* FirebaseInstanceID.framework in Frameworks */ = {isa = PBXBuildFile; fileRef = DC1A861122C14E3100740F5D /* FirebaseInstanceID.framework */; };
		DC1A862322C14E3100740F5D /* FirebaseStorage.framework in Frameworks */ = {isa = PBXBuildFile; fileRef = DC1A861222C14E3100740F5D /* FirebaseStorage.framework */; };
		DC1A862422C14E3100740F5D /* GTMSessionFetcher.framework in Frameworks */ = {isa = PBXBuildFile; fileRef = DC1A861322C14E3100740F5D /* GTMSessionFetcher.framework */; };
		DC1A862522C14E3100740F5D /* nanopb.framework in Frameworks */ = {isa = PBXBuildFile; fileRef = DC1A861422C14E3100740F5D /* nanopb.framework */; };
		DC1A862722C14E8900740F5D /* gRPCCertificates-Cpp.bundle in Resources */ = {isa = PBXBuildFile; fileRef = DC1A862622C14E8800740F5D /* gRPCCertificates-Cpp.bundle */; };
		DC1A862A22C14E9100740F5D /* libc++.tbd in Frameworks */ = {isa = PBXBuildFile; fileRef = DC1A862922C14E9100740F5D /* libc++.tbd */; };
		DC1A862C22C14E9700740F5D /* libsqlite3.tbd in Frameworks */ = {isa = PBXBuildFile; fileRef = DC1A862B22C14E9700740F5D /* libsqlite3.tbd */; };
		DC1A862E22C14E9D00740F5D /* StoreKit.framework in Frameworks */ = {isa = PBXBuildFile; fileRef = DC1A862D22C14E9D00740F5D /* StoreKit.framework */; };
		DC1A863022C14EE100740F5D /* GoogleService-Info.plist in Resources */ = {isa = PBXBuildFile; fileRef = DC1A862F22C14EE000740F5D /* GoogleService-Info.plist */; };
		DC2C1ADD22B947E90098F68D /* User.swift in Sources */ = {isa = PBXBuildFile; fileRef = DC2C1ADC22B947E90098F68D /* User.swift */; };
		DC2C1ADF22B947F30098F68D /* Recipe.swift in Sources */ = {isa = PBXBuildFile; fileRef = DC2C1ADE22B947F30098F68D /* Recipe.swift */; };
		DC2C1AE122B947FA0098F68D /* Ingredient.swift in Sources */ = {isa = PBXBuildFile; fileRef = DC2C1AE022B947FA0098F68D /* Ingredient.swift */; };
		DC2C1AE322B948040098F68D /* UserController.swift in Sources */ = {isa = PBXBuildFile; fileRef = DC2C1AE222B948040098F68D /* UserController.swift */; };
		DC2C1AE522B9480A0098F68D /* RecipeController.swift in Sources */ = {isa = PBXBuildFile; fileRef = DC2C1AE422B9480A0098F68D /* RecipeController.swift */; };
		DC2C1AE722B98A970098F68D /* IngredientsController.swift in Sources */ = {isa = PBXBuildFile; fileRef = DC2C1AE622B98A970098F68D /* IngredientsController.swift */; };
		DC2C1AE922BA99410098F68D /* UserFeedTableViewController.swift in Sources */ = {isa = PBXBuildFile; fileRef = DC2C1AE822BA99410098F68D /* UserFeedTableViewController.swift */; };
		DC2C1AEB22BA9CB00098F68D /* UserFeedTableViewCell.swift in Sources */ = {isa = PBXBuildFile; fileRef = DC2C1AEA22BA9CB00098F68D /* UserFeedTableViewCell.swift */; };
		DC2C1AEF22BAB3990098F68D /* ExploreCollectionViewController.swift in Sources */ = {isa = PBXBuildFile; fileRef = DC2C1AEE22BAB3990098F68D /* ExploreCollectionViewController.swift */; };
		DC2C1AF122BAB3B40098F68D /* SignInViewController.swift in Sources */ = {isa = PBXBuildFile; fileRef = DC2C1AF022BAB3B40098F68D /* SignInViewController.swift */; };
		DC2C1AF322BAB3C10098F68D /* CreateUserViewController.swift in Sources */ = {isa = PBXBuildFile; fileRef = DC2C1AF222BAB3C10098F68D /* CreateUserViewController.swift */; };
		DC2C1AF522BAB42D0098F68D /* SavedRecipesTableViewController.swift in Sources */ = {isa = PBXBuildFile; fileRef = DC2C1AF422BAB42D0098F68D /* SavedRecipesTableViewController.swift */; };
		DC2C1AF722BAB47B0098F68D /* RecipeDetailTableViewController.swift in Sources */ = {isa = PBXBuildFile; fileRef = DC2C1AF622BAB47B0098F68D /* RecipeDetailTableViewController.swift */; };
		DC2C1AF922BAB48E0098F68D /* EditRecipeTableViewController.swift in Sources */ = {isa = PBXBuildFile; fileRef = DC2C1AF822BAB48E0098F68D /* EditRecipeTableViewController.swift */; };
		DC2C1AFB22BAB4A30098F68D /* AddRecipeTableViewController.swift in Sources */ = {isa = PBXBuildFile; fileRef = DC2C1AFA22BAB4A30098F68D /* AddRecipeTableViewController.swift */; };
		DC2C1AFD22BAB5380098F68D /* UserViewedTableViewController.swift in Sources */ = {isa = PBXBuildFile; fileRef = DC2C1AFC22BAB5380098F68D /* UserViewedTableViewController.swift */; };
		DC2C1AFF22BAB58F0098F68D /* EditProfileViewController.swift in Sources */ = {isa = PBXBuildFile; fileRef = DC2C1AFE22BAB58F0098F68D /* EditProfileViewController.swift */; };
		DC2C1B0122BAEA730098F68D /* MockData.swift in Sources */ = {isa = PBXBuildFile; fileRef = DC2C1B0022BAEA730098F68D /* MockData.swift */; };
		DC4BC2C322BBE95D001B20EE /* Login.storyboard in Resources */ = {isa = PBXBuildFile; fileRef = DC4BC2C122BBE95D001B20EE /* Login.storyboard */; };
		DC4BC2C722BBEA06001B20EE /* ProfileDetail.storyboard in Resources */ = {isa = PBXBuildFile; fileRef = DC4BC2C522BBEA06001B20EE /* ProfileDetail.storyboard */; };
		DC4BC2C922BBEA15001B20EE /* RecipeDetail.storyboard in Resources */ = {isa = PBXBuildFile; fileRef = DC4BC2C822BBEA15001B20EE /* RecipeDetail.storyboard */; };
		DC4BC2CD22BC3DC5001B20EE /* ViewedUserRecipeTableViewCell.swift in Sources */ = {isa = PBXBuildFile; fileRef = DC4BC2CC22BC3DC5001B20EE /* ViewedUserRecipeTableViewCell.swift */; };
		DC4BC2CF22BD2435001B20EE /* SavedRecipeTableViewCell.swift in Sources */ = {isa = PBXBuildFile; fileRef = DC4BC2CE22BD2435001B20EE /* SavedRecipeTableViewCell.swift */; };
		DC4BC2D122BD4BD1001B20EE /* ExploreCollectionViewCell.swift in Sources */ = {isa = PBXBuildFile; fileRef = DC4BC2D022BD4BD1001B20EE /* ExploreCollectionViewCell.swift */; };
		DC5A580322CBBF2800FC2859 /* RecipeDetailLabels.swift in Sources */ = {isa = PBXBuildFile; fileRef = DC5A580222CBBF2800FC2859 /* RecipeDetailLabels.swift */; };
		DC5A580522CBC30B00FC2859 /* RecipeSaveButton.swift in Sources */ = {isa = PBXBuildFile; fileRef = DC5A580422CBC30B00FC2859 /* RecipeSaveButton.swift */; };
		DC924DE422C2D9FF00D0AB5A /* FirebaseAuth.framework in Frameworks */ = {isa = PBXBuildFile; fileRef = DC924DE322C2D9FF00D0AB5A /* FirebaseAuth.framework */; };
		DC924DE622C4096000D0AB5A /* FetchViewController.swift in Sources */ = {isa = PBXBuildFile; fileRef = DC924DE522C4096000D0AB5A /* FetchViewController.swift */; };
/* End PBXBuildFile section */

/* Begin PBXFileReference section */
		020D572B22C4189600A74632 /* displayView.swift */ = {isa = PBXFileReference; lastKnownFileType = sourcecode.swift; path = displayView.swift; sourceTree = "<group>"; };
		0211C69422BAAE3400D5F8C6 /* Section2TableViewCell.swift */ = {isa = PBXFileReference; lastKnownFileType = sourcecode.swift; path = Section2TableViewCell.swift; sourceTree = "<group>"; };
		0211C69622BAAE3E00D5F8C6 /* Constants.swift */ = {isa = PBXFileReference; lastKnownFileType = sourcecode.swift; path = Constants.swift; sourceTree = "<group>"; };
		0211C69822BAAED200D5F8C6 /* AnchorExtension.swift */ = {isa = PBXFileReference; lastKnownFileType = sourcecode.swift; path = AnchorExtension.swift; sourceTree = "<group>"; };
		0220528C22C2DD89000F85EE /* FirebaseAuth.framework */ = {isa = PBXFileReference; lastKnownFileType = wrapper.framework; name = FirebaseAuth.framework; path = Carthage/Build/iOS/FirebaseAuth.framework; sourceTree = SOURCE_ROOT; };
		0226F25822BAD5EB00856910 /* IngredientsTableViewCell.swift */ = {isa = PBXFileReference; lastKnownFileType = sourcecode.swift; path = IngredientsTableViewCell.swift; sourceTree = "<group>"; };
		0226F25A22BAD5F900856910 /* StepsTableViewCell.swift */ = {isa = PBXFileReference; lastKnownFileType = sourcecode.swift; path = StepsTableViewCell.swift; sourceTree = "<group>"; };
		02A7F9AC22BB0815004DE917 /* Section3TableViewCell.swift */ = {isa = PBXFileReference; lastKnownFileType = sourcecode.swift; path = Section3TableViewCell.swift; sourceTree = "<group>"; };
		02A7F9AE22BB0839004DE917 /* TagsTableViewCell.swift */ = {isa = PBXFileReference; lastKnownFileType = sourcecode.swift; path = TagsTableViewCell.swift; sourceTree = "<group>"; };
		02A7F9BC22BB52C4004DE917 /* AddTableViewCell.swift */ = {isa = PBXFileReference; lastKnownFileType = sourcecode.swift; path = AddTableViewCell.swift; sourceTree = "<group>"; };
		02C1909A22BA820500B33086 /* Section1TableViewCell.swift */ = {isa = PBXFileReference; lastKnownFileType = sourcecode.swift; path = Section1TableViewCell.swift; sourceTree = "<group>"; };
		9732277822BAA8EA006F0A15 /* ProfileTableViewController.swift */ = {isa = PBXFileReference; lastKnownFileType = sourcecode.swift; path = ProfileTableViewController.swift; sourceTree = "<group>"; };
		9732277E22BACD5A006F0A15 /* ProfileRecipeTableViewCell.swift */ = {isa = PBXFileReference; lastKnownFileType = sourcecode.swift; name = ProfileRecipeTableViewCell.swift; path = TeamNightHawkGroupProject/Views/ProfileRecipeTableViewCell.swift; sourceTree = SOURCE_ROOT; };
		9732278222BB48F8006F0A15 /* ImagePickerHelper.swift */ = {isa = PBXFileReference; lastKnownFileType = sourcecode.swift; path = ImagePickerHelper.swift; sourceTree = "<group>"; };
		97C417BB22CAB9C800823933 /* ProfileHeaderCustomView.swift */ = {isa = PBXFileReference; lastKnownFileType = sourcecode.swift; name = ProfileHeaderCustomView.swift; path = ../../../../../../../../Working/ProfileHeaderCustomView.swift; sourceTree = "<group>"; };
		97C417BD22CABD9800823933 /* ProfileHeaderCustomView.swift */ = {isa = PBXFileReference; lastKnownFileType = sourcecode.swift; path = ProfileHeaderCustomView.swift; sourceTree = "<group>"; };
		97C417BF22CABDB400823933 /* EditProfileCustomView.swift */ = {isa = PBXFileReference; lastKnownFileType = sourcecode.swift; path = EditProfileCustomView.swift; sourceTree = "<group>"; };
		DC0C1A6122B4516500B219CB /* TeamNightHawkGroupProject.app */ = {isa = PBXFileReference; explicitFileType = wrapper.application; includeInIndex = 0; path = TeamNightHawkGroupProject.app; sourceTree = BUILT_PRODUCTS_DIR; };
		DC0C1A6422B4516500B219CB /* AppDelegate.swift */ = {isa = PBXFileReference; lastKnownFileType = sourcecode.swift; path = AppDelegate.swift; sourceTree = "<group>"; };
		DC0C1A6922B4516500B219CB /* Base */ = {isa = PBXFileReference; lastKnownFileType = file.storyboard; name = Base; path = Base.lproj/Main.storyboard; sourceTree = "<group>"; };
		DC0C1A6B22B4516500B219CB /* Assets.xcassets */ = {isa = PBXFileReference; lastKnownFileType = folder.assetcatalog; path = Assets.xcassets; sourceTree = "<group>"; };
		DC0C1A6E22B4516500B219CB /* Base */ = {isa = PBXFileReference; lastKnownFileType = file.storyboard; name = Base; path = Base.lproj/LaunchScreen.storyboard; sourceTree = "<group>"; };
		DC0C1A7022B4516500B219CB /* Info.plist */ = {isa = PBXFileReference; lastKnownFileType = text.plist.xml; path = Info.plist; sourceTree = "<group>"; };
		DC1A860422C14E3000740F5D /* FirebaseCoreDiagnostics.framework */ = {isa = PBXFileReference; lastKnownFileType = wrapper.framework; name = FirebaseCoreDiagnostics.framework; path = Carthage/Build/iOS/FirebaseCoreDiagnostics.framework; sourceTree = SOURCE_ROOT; };
		DC1A860522C14E3000740F5D /* BoringSSL-GRPC.framework */ = {isa = PBXFileReference; lastKnownFileType = wrapper.framework; name = "BoringSSL-GRPC.framework"; path = "Carthage/Build/iOS/BoringSSL-GRPC.framework"; sourceTree = SOURCE_ROOT; };
		DC1A860622C14E3000740F5D /* gRPC-Core.framework */ = {isa = PBXFileReference; lastKnownFileType = wrapper.framework; name = "gRPC-Core.framework"; path = "Carthage/Build/iOS/gRPC-Core.framework"; sourceTree = SOURCE_ROOT; };
		DC1A860722C14E3000740F5D /* FirebaseCore.framework */ = {isa = PBXFileReference; lastKnownFileType = wrapper.framework; name = FirebaseCore.framework; path = Carthage/Build/iOS/FirebaseCore.framework; sourceTree = SOURCE_ROOT; };
		DC1A860822C14E3100740F5D /* gRPC-C++.framework */ = {isa = PBXFileReference; lastKnownFileType = wrapper.framework; name = "gRPC-C++.framework"; path = "Carthage/Build/iOS/gRPC-C++.framework"; sourceTree = SOURCE_ROOT; };
		DC1A860922C14E3100740F5D /* FirebaseAnalytics.framework */ = {isa = PBXFileReference; lastKnownFileType = wrapper.framework; name = FirebaseAnalytics.framework; path = Carthage/Build/iOS/FirebaseAnalytics.framework; sourceTree = SOURCE_ROOT; };
		DC1A860A22C14E3100740F5D /* Firebase.framework */ = {isa = PBXFileReference; lastKnownFileType = wrapper.framework; name = Firebase.framework; path = Carthage/Build/iOS/Firebase.framework; sourceTree = SOURCE_ROOT; };
		DC1A860B22C14E3100740F5D /* Protobuf.framework */ = {isa = PBXFileReference; lastKnownFileType = wrapper.framework; name = Protobuf.framework; path = Carthage/Build/iOS/Protobuf.framework; sourceTree = SOURCE_ROOT; };
		DC1A860C22C14E3100740F5D /* GoogleUtilities.framework */ = {isa = PBXFileReference; lastKnownFileType = wrapper.framework; name = GoogleUtilities.framework; path = Carthage/Build/iOS/GoogleUtilities.framework; sourceTree = SOURCE_ROOT; };
		DC1A860D22C14E3100740F5D /* FIRAnalyticsConnector.framework */ = {isa = PBXFileReference; lastKnownFileType = wrapper.framework; name = FIRAnalyticsConnector.framework; path = Carthage/Build/iOS/FIRAnalyticsConnector.framework; sourceTree = SOURCE_ROOT; };
		DC1A860E22C14E3100740F5D /* GoogleAppMeasurement.framework */ = {isa = PBXFileReference; lastKnownFileType = wrapper.framework; name = GoogleAppMeasurement.framework; path = Carthage/Build/iOS/GoogleAppMeasurement.framework; sourceTree = SOURCE_ROOT; };
		DC1A860F22C14E3100740F5D /* leveldb-library.framework */ = {isa = PBXFileReference; lastKnownFileType = wrapper.framework; name = "leveldb-library.framework"; path = "Carthage/Build/iOS/leveldb-library.framework"; sourceTree = SOURCE_ROOT; };
		DC1A861022C14E3100740F5D /* FirebaseFirestore.framework */ = {isa = PBXFileReference; lastKnownFileType = wrapper.framework; name = FirebaseFirestore.framework; path = Carthage/Build/iOS/FirebaseFirestore.framework; sourceTree = SOURCE_ROOT; };
		DC1A861122C14E3100740F5D /* FirebaseInstanceID.framework */ = {isa = PBXFileReference; lastKnownFileType = wrapper.framework; name = FirebaseInstanceID.framework; path = Carthage/Build/iOS/FirebaseInstanceID.framework; sourceTree = SOURCE_ROOT; };
		DC1A861222C14E3100740F5D /* FirebaseStorage.framework */ = {isa = PBXFileReference; lastKnownFileType = wrapper.framework; name = FirebaseStorage.framework; path = Carthage/Build/iOS/FirebaseStorage.framework; sourceTree = SOURCE_ROOT; };
		DC1A861322C14E3100740F5D /* GTMSessionFetcher.framework */ = {isa = PBXFileReference; lastKnownFileType = wrapper.framework; name = GTMSessionFetcher.framework; path = Carthage/Build/iOS/GTMSessionFetcher.framework; sourceTree = SOURCE_ROOT; };
		DC1A861422C14E3100740F5D /* nanopb.framework */ = {isa = PBXFileReference; lastKnownFileType = wrapper.framework; name = nanopb.framework; path = Carthage/Build/iOS/nanopb.framework; sourceTree = SOURCE_ROOT; };
		DC1A862622C14E8800740F5D /* gRPCCertificates-Cpp.bundle */ = {isa = PBXFileReference; lastKnownFileType = "wrapper.plug-in"; name = "gRPCCertificates-Cpp.bundle"; path = "Carthage/Build/iOS/FirebaseFirestore.framework/gRPCCertificates-Cpp.bundle"; sourceTree = "<group>"; };
		DC1A862922C14E9100740F5D /* libc++.tbd */ = {isa = PBXFileReference; lastKnownFileType = "sourcecode.text-based-dylib-definition"; name = "libc++.tbd"; path = "usr/lib/libc++.tbd"; sourceTree = SDKROOT; };
		DC1A862B22C14E9700740F5D /* libsqlite3.tbd */ = {isa = PBXFileReference; lastKnownFileType = "sourcecode.text-based-dylib-definition"; name = libsqlite3.tbd; path = usr/lib/libsqlite3.tbd; sourceTree = SDKROOT; };
		DC1A862D22C14E9D00740F5D /* StoreKit.framework */ = {isa = PBXFileReference; lastKnownFileType = wrapper.framework; name = StoreKit.framework; path = System/Library/Frameworks/StoreKit.framework; sourceTree = SDKROOT; };
		DC1A862F22C14EE000740F5D /* GoogleService-Info.plist */ = {isa = PBXFileReference; fileEncoding = 4; lastKnownFileType = text.plist.xml; path = "GoogleService-Info.plist"; sourceTree = "<group>"; };
		DC2C1ADC22B947E90098F68D /* User.swift */ = {isa = PBXFileReference; lastKnownFileType = sourcecode.swift; path = User.swift; sourceTree = "<group>"; };
		DC2C1ADE22B947F30098F68D /* Recipe.swift */ = {isa = PBXFileReference; lastKnownFileType = sourcecode.swift; path = Recipe.swift; sourceTree = "<group>"; };
		DC2C1AE022B947FA0098F68D /* Ingredient.swift */ = {isa = PBXFileReference; lastKnownFileType = sourcecode.swift; path = Ingredient.swift; sourceTree = "<group>"; };
		DC2C1AE222B948040098F68D /* UserController.swift */ = {isa = PBXFileReference; lastKnownFileType = sourcecode.swift; path = UserController.swift; sourceTree = "<group>"; };
		DC2C1AE422B9480A0098F68D /* RecipeController.swift */ = {isa = PBXFileReference; lastKnownFileType = sourcecode.swift; path = RecipeController.swift; sourceTree = "<group>"; };
		DC2C1AE622B98A970098F68D /* IngredientsController.swift */ = {isa = PBXFileReference; lastKnownFileType = sourcecode.swift; path = IngredientsController.swift; sourceTree = "<group>"; };
		DC2C1AE822BA99410098F68D /* UserFeedTableViewController.swift */ = {isa = PBXFileReference; lastKnownFileType = sourcecode.swift; path = UserFeedTableViewController.swift; sourceTree = "<group>"; };
		DC2C1AEA22BA9CB00098F68D /* UserFeedTableViewCell.swift */ = {isa = PBXFileReference; lastKnownFileType = sourcecode.swift; path = UserFeedTableViewCell.swift; sourceTree = "<group>"; };
		DC2C1AEE22BAB3990098F68D /* ExploreCollectionViewController.swift */ = {isa = PBXFileReference; lastKnownFileType = sourcecode.swift; path = ExploreCollectionViewController.swift; sourceTree = "<group>"; };
		DC2C1AF022BAB3B40098F68D /* SignInViewController.swift */ = {isa = PBXFileReference; lastKnownFileType = sourcecode.swift; path = SignInViewController.swift; sourceTree = "<group>"; };
		DC2C1AF222BAB3C10098F68D /* CreateUserViewController.swift */ = {isa = PBXFileReference; lastKnownFileType = sourcecode.swift; path = CreateUserViewController.swift; sourceTree = "<group>"; };
		DC2C1AF422BAB42D0098F68D /* SavedRecipesTableViewController.swift */ = {isa = PBXFileReference; lastKnownFileType = sourcecode.swift; path = SavedRecipesTableViewController.swift; sourceTree = "<group>"; };
		DC2C1AF622BAB47B0098F68D /* RecipeDetailTableViewController.swift */ = {isa = PBXFileReference; lastKnownFileType = sourcecode.swift; path = RecipeDetailTableViewController.swift; sourceTree = "<group>"; };
		DC2C1AF822BAB48E0098F68D /* EditRecipeTableViewController.swift */ = {isa = PBXFileReference; lastKnownFileType = sourcecode.swift; path = EditRecipeTableViewController.swift; sourceTree = "<group>"; };
		DC2C1AFA22BAB4A30098F68D /* AddRecipeTableViewController.swift */ = {isa = PBXFileReference; lastKnownFileType = sourcecode.swift; path = AddRecipeTableViewController.swift; sourceTree = "<group>"; };
		DC2C1AFC22BAB5380098F68D /* UserViewedTableViewController.swift */ = {isa = PBXFileReference; lastKnownFileType = sourcecode.swift; path = UserViewedTableViewController.swift; sourceTree = "<group>"; };
		DC2C1AFE22BAB58F0098F68D /* EditProfileViewController.swift */ = {isa = PBXFileReference; lastKnownFileType = sourcecode.swift; path = EditProfileViewController.swift; sourceTree = "<group>"; };
		DC2C1B0022BAEA730098F68D /* MockData.swift */ = {isa = PBXFileReference; lastKnownFileType = sourcecode.swift; path = MockData.swift; sourceTree = "<group>"; };
		DC4BC2C222BBE95D001B20EE /* Base */ = {isa = PBXFileReference; lastKnownFileType = file.storyboard; name = Base; path = TeamNightHawkGroupProject/Base.lproj/Login.storyboard; sourceTree = "<group>"; };
		DC4BC2C622BBEA06001B20EE /* Base */ = {isa = PBXFileReference; lastKnownFileType = file.storyboard; name = Base; path = TeamNightHawkGroupProject/Storyboards/Base.lproj/ProfileDetail.storyboard; sourceTree = "<group>"; };
		DC4BC2C822BBEA15001B20EE /* RecipeDetail.storyboard */ = {isa = PBXFileReference; fileEncoding = 4; lastKnownFileType = file.storyboard; path = RecipeDetail.storyboard; sourceTree = "<group>"; };
		DC4BC2CC22BC3DC5001B20EE /* ViewedUserRecipeTableViewCell.swift */ = {isa = PBXFileReference; fileEncoding = 4; lastKnownFileType = sourcecode.swift; path = ViewedUserRecipeTableViewCell.swift; sourceTree = "<group>"; };
		DC4BC2CE22BD2435001B20EE /* SavedRecipeTableViewCell.swift */ = {isa = PBXFileReference; lastKnownFileType = sourcecode.swift; path = SavedRecipeTableViewCell.swift; sourceTree = "<group>"; };
		DC4BC2D022BD4BD1001B20EE /* ExploreCollectionViewCell.swift */ = {isa = PBXFileReference; lastKnownFileType = sourcecode.swift; path = ExploreCollectionViewCell.swift; sourceTree = "<group>"; };
		DC5A580222CBBF2800FC2859 /* RecipeDetailLabels.swift */ = {isa = PBXFileReference; lastKnownFileType = sourcecode.swift; name = RecipeDetailLabels.swift; path = TeamNightHawkGroupProject/Views/CustomUI/RecipeDetailLabels.swift; sourceTree = SOURCE_ROOT; };
		DC5A580422CBC30B00FC2859 /* RecipeSaveButton.swift */ = {isa = PBXFileReference; lastKnownFileType = sourcecode.swift; path = RecipeSaveButton.swift; sourceTree = "<group>"; };
		DC924DE322C2D9FF00D0AB5A /* FirebaseAuth.framework */ = {isa = PBXFileReference; lastKnownFileType = wrapper.framework; name = FirebaseAuth.framework; path = Carthage/Build/iOS/FirebaseAuth.framework; sourceTree = SOURCE_ROOT; };
		DC924DE522C4096000D0AB5A /* FetchViewController.swift */ = {isa = PBXFileReference; lastKnownFileType = sourcecode.swift; path = FetchViewController.swift; sourceTree = "<group>"; };
/* End PBXFileReference section */

/* Begin PBXFrameworksBuildPhase section */
		DC0C1A5E22B4516500B219CB /* Frameworks */ = {
			isa = PBXFrameworksBuildPhase;
			buildActionMask = 2147483647;
			files = (
				DC1A862E22C14E9D00740F5D /* StoreKit.framework in Frameworks */,
				DC1A862C22C14E9700740F5D /* libsqlite3.tbd in Frameworks */,
				DC1A862A22C14E9100740F5D /* libc++.tbd in Frameworks */,
				DC1A862122C14E3100740F5D /* FirebaseFirestore.framework in Frameworks */,
				DC1A861D22C14E3100740F5D /* GoogleUtilities.framework in Frameworks */,
				DC1A861822C14E3100740F5D /* FirebaseCore.framework in Frameworks */,
				DC1A861F22C14E3100740F5D /* GoogleAppMeasurement.framework in Frameworks */,
				DC1A862522C14E3100740F5D /* nanopb.framework in Frameworks */,
				DC1A862422C14E3100740F5D /* GTMSessionFetcher.framework in Frameworks */,
				DC1A861622C14E3100740F5D /* BoringSSL-GRPC.framework in Frameworks */,
				DC1A861E22C14E3100740F5D /* FIRAnalyticsConnector.framework in Frameworks */,
				DC1A862022C14E3100740F5D /* leveldb-library.framework in Frameworks */,
				DC1A861A22C14E3100740F5D /* FirebaseAnalytics.framework in Frameworks */,
				DC1A862322C14E3100740F5D /* FirebaseStorage.framework in Frameworks */,
				DC1A861522C14E3100740F5D /* FirebaseCoreDiagnostics.framework in Frameworks */,
				0220528D22C2DD89000F85EE /* FirebaseAuth.framework in Frameworks */,
				DC1A861722C14E3100740F5D /* gRPC-Core.framework in Frameworks */,
				DC1A862222C14E3100740F5D /* FirebaseInstanceID.framework in Frameworks */,
				DC924DE422C2D9FF00D0AB5A /* FirebaseAuth.framework in Frameworks */,
				DC1A861922C14E3100740F5D /* gRPC-C++.framework in Frameworks */,
				DC1A861C22C14E3100740F5D /* Protobuf.framework in Frameworks */,
			);
			runOnlyForDeploymentPostprocessing = 0;
		};
/* End PBXFrameworksBuildPhase section */

/* Begin PBXGroup section */
		0211C69A22BAAF8D00D5F8C6 /* CustomUI */ = {
			isa = PBXGroup;
			children = (
				DC5A57F122CA640C00FC2859 /* ExploreCollectionView */,
				DC5A57EF22CA63B500FC2859 /* CreateUser */,
				DC5A57EE22CA63B000FC2859 /* Login */,
				DC5A57ED22CA638A00FC2859 /* EditProfile */,
				DC5A57EC22CA638300FC2859 /* AddRecipe */,
				DC5A57EB22CA637100FC2859 /* ProfileController */,
				DC5A57EA22CA630100FC2859 /* RecipeCell */,
				0211C69622BAAE3E00D5F8C6 /* Constants.swift */,
				0211C69822BAAED200D5F8C6 /* AnchorExtension.swift */,
				DC5A580422CBC30B00FC2859 /* RecipeSaveButton.swift */,
			);
			path = CustomUI;
			sourceTree = "<group>";
		};
		9732277A22BAA924006F0A15 /* ViewControllers */ = {
			isa = PBXGroup;
			children = (
				DC2C1AE822BA99410098F68D /* UserFeedTableViewController.swift */,
				DC924DE522C4096000D0AB5A /* FetchViewController.swift */,
				9732277822BAA8EA006F0A15 /* ProfileTableViewController.swift */,
				DC2C1AEE22BAB3990098F68D /* ExploreCollectionViewController.swift */,
				DC2C1AF022BAB3B40098F68D /* SignInViewController.swift */,
				DC2C1AF222BAB3C10098F68D /* CreateUserViewController.swift */,
				DC2C1AF422BAB42D0098F68D /* SavedRecipesTableViewController.swift */,
				DC2C1AF622BAB47B0098F68D /* RecipeDetailTableViewController.swift */,
				DC2C1AF822BAB48E0098F68D /* EditRecipeTableViewController.swift */,
				DC2C1AFA22BAB4A30098F68D /* AddRecipeTableViewController.swift */,
				DC2C1AFC22BAB5380098F68D /* UserViewedTableViewController.swift */,
				DC2C1AFE22BAB58F0098F68D /* EditProfileViewController.swift */,
			);
			path = ViewControllers;
			sourceTree = "<group>";
		};
		9732277B22BAA93E006F0A15 /* Views */ = {
			isa = PBXGroup;
			children = (
				02C1909A22BA820500B33086 /* Section1TableViewCell.swift */,
				0211C69422BAAE3400D5F8C6 /* Section2TableViewCell.swift */,
				02A7F9AC22BB0815004DE917 /* Section3TableViewCell.swift */,
				020D572B22C4189600A74632 /* displayView.swift */,
				0226F25822BAD5EB00856910 /* IngredientsTableViewCell.swift */,
				0226F25A22BAD5F900856910 /* StepsTableViewCell.swift */,
				02A7F9AE22BB0839004DE917 /* TagsTableViewCell.swift */,
				9732277E22BACD5A006F0A15 /* ProfileRecipeTableViewCell.swift */,
				02A7F9BC22BB52C4004DE917 /* AddTableViewCell.swift */,
				DC2C1AEA22BA9CB00098F68D /* UserFeedTableViewCell.swift */,
				DC4BC2CC22BC3DC5001B20EE /* ViewedUserRecipeTableViewCell.swift */,
				DC4BC2CE22BD2435001B20EE /* SavedRecipeTableViewCell.swift */,
				DC4BC2D022BD4BD1001B20EE /* ExploreCollectionViewCell.swift */,
				0211C69A22BAAF8D00D5F8C6 /* CustomUI */,
			);
			path = Views;
			sourceTree = "<group>";
		};
		9732278422BB4901006F0A15 /* Helpers */ = {
			isa = PBXGroup;
			children = (
				9732278222BB48F8006F0A15 /* ImagePickerHelper.swift */,
			);
			path = Helpers;
			sourceTree = "<group>";
		};
		DC0C1A5822B4516500B219CB = {
			isa = PBXGroup;
			children = (
				DC1A862622C14E8800740F5D /* gRPCCertificates-Cpp.bundle */,
				DC0C1A6322B4516500B219CB /* TeamNightHawkGroupProject */,
				DC0C1A6222B4516500B219CB /* Products */,
				DC1A862822C14E9000740F5D /* Frameworks */,
			);
			sourceTree = "<group>";
		};
		DC0C1A6222B4516500B219CB /* Products */ = {
			isa = PBXGroup;
			children = (
				DC0C1A6122B4516500B219CB /* TeamNightHawkGroupProject.app */,
			);
			name = Products;
			sourceTree = "<group>";
		};
		DC0C1A6322B4516500B219CB /* TeamNightHawkGroupProject */ = {
			isa = PBXGroup;
			children = (
				97C417BB22CAB9C800823933 /* ProfileHeaderCustomView.swift */,
				DC1A860322C14E1400740F5D /* Frameworks */,
				9732278422BB4901006F0A15 /* Helpers */,
				DC2C1ADB22B947D30098F68D /* ModelControllers */,
				DC2C1ADA22B947930098F68D /* Models */,
				DC0C1A7622B4517000B219CB /* Resources */,
				DC4BC2C422BBE98E001B20EE /* Storyboards */,
				9732277A22BAA924006F0A15 /* ViewControllers */,
				9732277B22BAA93E006F0A15 /* Views */,
			);
			path = TeamNightHawkGroupProject;
			sourceTree = "<group>";
		};
		DC0C1A7622B4517000B219CB /* Resources */ = {
			isa = PBXGroup;
			children = (
				DC0C1A6422B4516500B219CB /* AppDelegate.swift */,
				DC0C1A6B22B4516500B219CB /* Assets.xcassets */,
				DC0C1A6D22B4516500B219CB /* LaunchScreen.storyboard */,
				DC0C1A7022B4516500B219CB /* Info.plist */,
				DC1A862F22C14EE000740F5D /* GoogleService-Info.plist */,
			);
			path = Resources;
			sourceTree = "<group>";
		};
		DC1A860322C14E1400740F5D /* Frameworks */ = {
			isa = PBXGroup;
			children = (
				DC924DE322C2D9FF00D0AB5A /* FirebaseAuth.framework */,
				0220528C22C2DD89000F85EE /* FirebaseAuth.framework */,
				DC1A860522C14E3000740F5D /* BoringSSL-GRPC.framework */,
				DC1A860D22C14E3100740F5D /* FIRAnalyticsConnector.framework */,
				DC1A860A22C14E3100740F5D /* Firebase.framework */,
				DC1A860922C14E3100740F5D /* FirebaseAnalytics.framework */,
				DC1A860722C14E3000740F5D /* FirebaseCore.framework */,
				DC1A860422C14E3000740F5D /* FirebaseCoreDiagnostics.framework */,
				DC1A861022C14E3100740F5D /* FirebaseFirestore.framework */,
				DC1A861122C14E3100740F5D /* FirebaseInstanceID.framework */,
				DC1A861222C14E3100740F5D /* FirebaseStorage.framework */,
				DC1A860E22C14E3100740F5D /* GoogleAppMeasurement.framework */,
				DC1A860C22C14E3100740F5D /* GoogleUtilities.framework */,
				DC1A860822C14E3100740F5D /* gRPC-C++.framework */,
				DC1A860622C14E3000740F5D /* gRPC-Core.framework */,
				DC1A861322C14E3100740F5D /* GTMSessionFetcher.framework */,
				DC1A860F22C14E3100740F5D /* leveldb-library.framework */,
				DC1A861422C14E3100740F5D /* nanopb.framework */,
				DC1A860B22C14E3100740F5D /* Protobuf.framework */,
			);
			path = Frameworks;
			sourceTree = "<group>";
		};
		DC1A862822C14E9000740F5D /* Frameworks */ = {
			isa = PBXGroup;
			children = (
				DC1A862D22C14E9D00740F5D /* StoreKit.framework */,
				DC1A862B22C14E9700740F5D /* libsqlite3.tbd */,
				DC1A862922C14E9100740F5D /* libc++.tbd */,
			);
			name = Frameworks;
			sourceTree = "<group>";
		};
		DC2C1ADA22B947930098F68D /* Models */ = {
			isa = PBXGroup;
			children = (
				DC2C1ADC22B947E90098F68D /* User.swift */,
				DC2C1ADE22B947F30098F68D /* Recipe.swift */,
				DC2C1AE022B947FA0098F68D /* Ingredient.swift */,
				DC2C1B0022BAEA730098F68D /* MockData.swift */,
			);
			path = Models;
			sourceTree = "<group>";
		};
		DC2C1ADB22B947D30098F68D /* ModelControllers */ = {
			isa = PBXGroup;
			children = (
				DC2C1AE222B948040098F68D /* UserController.swift */,
				DC2C1AE622B98A970098F68D /* IngredientsController.swift */,
				DC2C1AE422B9480A0098F68D /* RecipeController.swift */,
			);
			path = ModelControllers;
			sourceTree = "<group>";
		};
		DC4BC2C422BBE98E001B20EE /* Storyboards */ = {
			isa = PBXGroup;
			children = (
				DC0C1A6822B4516500B219CB /* Main.storyboard */,
				DC4BC2C122BBE95D001B20EE /* Login.storyboard */,
				DC4BC2C522BBEA06001B20EE /* ProfileDetail.storyboard */,
				DC4BC2C822BBEA15001B20EE /* RecipeDetail.storyboard */,
			);
			path = Storyboards;
			sourceTree = "<group>";
		};
		DC5A57EA22CA630100FC2859 /* RecipeCell */ = {
			isa = PBXGroup;
			children = (
				DC5A580222CBBF2800FC2859 /* RecipeDetailLabels.swift */,
			);
			path = RecipeCell;
			sourceTree = "<group>";
		};
		DC5A57EB22CA637100FC2859 /* ProfileController */ = {
			isa = PBXGroup;
			children = (
				97C417BD22CABD9800823933 /* ProfileHeaderCustomView.swift */,
				97C417BF22CABDB400823933 /* EditProfileCustomView.swift */,
			);
			path = ProfileController;
			sourceTree = "<group>";
		};
		DC5A57EC22CA638300FC2859 /* AddRecipe */ = {
			isa = PBXGroup;
			children = (
			);
			path = AddRecipe;
			sourceTree = "<group>";
		};
		DC5A57ED22CA638A00FC2859 /* EditProfile */ = {
			isa = PBXGroup;
			children = (
			);
			path = EditProfile;
			sourceTree = "<group>";
		};
		DC5A57EE22CA63B000FC2859 /* Login */ = {
			isa = PBXGroup;
			children = (
			);
			path = Login;
			sourceTree = "<group>";
		};
		DC5A57EF22CA63B500FC2859 /* CreateUser */ = {
			isa = PBXGroup;
			children = (
			);
			path = CreateUser;
			sourceTree = "<group>";
		};
		DC5A57F122CA640C00FC2859 /* ExploreCollectionView */ = {
			isa = PBXGroup;
			children = (
			);
			path = ExploreCollectionView;
			sourceTree = "<group>";
		};
/* End PBXGroup section */

/* Begin PBXNativeTarget section */
		DC0C1A6022B4516500B219CB /* TeamNightHawkGroupProject */ = {
			isa = PBXNativeTarget;
			buildConfigurationList = DC0C1A7322B4516500B219CB /* Build configuration list for PBXNativeTarget "TeamNightHawkGroupProject" */;
			buildPhases = (
				DC0C1A5D22B4516500B219CB /* Sources */,
				DC0C1A5E22B4516500B219CB /* Frameworks */,
				DC0C1A5F22B4516500B219CB /* Resources */,
			);
			buildRules = (
			);
			dependencies = (
			);
			name = TeamNightHawkGroupProject;
			productName = TeamNightHawkGroupProject;
			productReference = DC0C1A6122B4516500B219CB /* TeamNightHawkGroupProject.app */;
			productType = "com.apple.product-type.application";
		};
/* End PBXNativeTarget section */

/* Begin PBXProject section */
		DC0C1A5922B4516500B219CB /* Project object */ = {
			isa = PBXProject;
			attributes = {
				LastSwiftUpdateCheck = 1020;
				LastUpgradeCheck = 1020;
				ORGANIZATIONNAME = DevMountain;
				TargetAttributes = {
					DC0C1A6022B4516500B219CB = {
						CreatedOnToolsVersion = 10.2.1;
					};
				};
			};
			buildConfigurationList = DC0C1A5C22B4516500B219CB /* Build configuration list for PBXProject "TeamNightHawkGroupProject" */;
			compatibilityVersion = "Xcode 9.3";
			developmentRegion = en;
			hasScannedForEncodings = 0;
			knownRegions = (
				en,
				Base,
			);
			mainGroup = DC0C1A5822B4516500B219CB;
			productRefGroup = DC0C1A6222B4516500B219CB /* Products */;
			projectDirPath = "";
			projectRoot = "";
			targets = (
				DC0C1A6022B4516500B219CB /* TeamNightHawkGroupProject */,
			);
		};
/* End PBXProject section */

/* Begin PBXResourcesBuildPhase section */
		DC0C1A5F22B4516500B219CB /* Resources */ = {
			isa = PBXResourcesBuildPhase;
			buildActionMask = 2147483647;
			files = (
				DC1A862722C14E8900740F5D /* gRPCCertificates-Cpp.bundle in Resources */,
				DC4BC2C322BBE95D001B20EE /* Login.storyboard in Resources */,
				DC4BC2C922BBEA15001B20EE /* RecipeDetail.storyboard in Resources */,
				DC0C1A6F22B4516500B219CB /* LaunchScreen.storyboard in Resources */,
				DC1A863022C14EE100740F5D /* GoogleService-Info.plist in Resources */,
				DC4BC2C722BBEA06001B20EE /* ProfileDetail.storyboard in Resources */,
				DC0C1A6C22B4516500B219CB /* Assets.xcassets in Resources */,
				DC0C1A6A22B4516500B219CB /* Main.storyboard in Resources */,
			);
			runOnlyForDeploymentPostprocessing = 0;
		};
/* End PBXResourcesBuildPhase section */

/* Begin PBXSourcesBuildPhase section */
		DC0C1A5D22B4516500B219CB /* Sources */ = {
			isa = PBXSourcesBuildPhase;
			buildActionMask = 2147483647;
			files = (
				DC2C1AFD22BAB5380098F68D /* UserViewedTableViewController.swift in Sources */,
				DC2C1AE922BA99410098F68D /* UserFeedTableViewController.swift in Sources */,
				02C1909B22BA820500B33086 /* Section1TableViewCell.swift in Sources */,
				DC2C1AEF22BAB3990098F68D /* ExploreCollectionViewController.swift in Sources */,
				DC2C1AFB22BAB4A30098F68D /* AddRecipeTableViewController.swift in Sources */,
				DC2C1AF922BAB48E0098F68D /* EditRecipeTableViewController.swift in Sources */,
				DC2C1AF522BAB42D0098F68D /* SavedRecipesTableViewController.swift in Sources */,
				DC2C1AE122B947FA0098F68D /* Ingredient.swift in Sources */,
				02A7F9BD22BB52C4004DE917 /* AddTableViewCell.swift in Sources */,
				DC924DE622C4096000D0AB5A /* FetchViewController.swift in Sources */,
				DC2C1AE722B98A970098F68D /* IngredientsController.swift in Sources */,
				02A7F9AD22BB0815004DE917 /* Section3TableViewCell.swift in Sources */,
				DC2C1AF722BAB47B0098F68D /* RecipeDetailTableViewController.swift in Sources */,
				DC2C1AFF22BAB58F0098F68D /* EditProfileViewController.swift in Sources */,
				DC2C1ADF22B947F30098F68D /* Recipe.swift in Sources */,
				DC2C1AE322B948040098F68D /* UserController.swift in Sources */,
				0211C69922BAAED200D5F8C6 /* AnchorExtension.swift in Sources */,
				DC2C1ADD22B947E90098F68D /* User.swift in Sources */,
				0226F25922BAD5EC00856910 /* IngredientsTableViewCell.swift in Sources */,
				0211C69722BAAE3E00D5F8C6 /* Constants.swift in Sources */,
				DC5A580522CBC30B00FC2859 /* RecipeSaveButton.swift in Sources */,
				97C417BE22CABD9800823933 /* ProfileHeaderCustomView.swift in Sources */,
				DC2C1AF322BAB3C10098F68D /* CreateUserViewController.swift in Sources */,
				DC0C1A6522B4516500B219CB /* AppDelegate.swift in Sources */,
				9732278322BB48F8006F0A15 /* ImagePickerHelper.swift in Sources */,
				DC5A580322CBBF2800FC2859 /* RecipeDetailLabels.swift in Sources */,
				0211C69522BAAE3400D5F8C6 /* Section2TableViewCell.swift in Sources */,
				DC2C1AF122BAB3B40098F68D /* SignInViewController.swift in Sources */,
				020D572C22C4189600A74632 /* displayView.swift in Sources */,
				DC2C1AEB22BA9CB00098F68D /* UserFeedTableViewCell.swift in Sources */,
				DC2C1B0122BAEA730098F68D /* MockData.swift in Sources */,
				02A7F9AF22BB0839004DE917 /* TagsTableViewCell.swift in Sources */,
				9732277922BAA8EA006F0A15 /* ProfileTableViewController.swift in Sources */,
				DC4BC2CD22BC3DC5001B20EE /* ViewedUserRecipeTableViewCell.swift in Sources */,
				DC4BC2CF22BD2435001B20EE /* SavedRecipeTableViewCell.swift in Sources */,
				DC4BC2D122BD4BD1001B20EE /* ExploreCollectionViewCell.swift in Sources */,
				0226F25B22BAD5F900856910 /* StepsTableViewCell.swift in Sources */,
				97C417C022CABDB400823933 /* EditProfileCustomView.swift in Sources */,
				9732277F22BACD5A006F0A15 /* ProfileRecipeTableViewCell.swift in Sources */,
				DC2C1AE522B9480A0098F68D /* RecipeController.swift in Sources */,
			);
			runOnlyForDeploymentPostprocessing = 0;
		};
/* End PBXSourcesBuildPhase section */

/* Begin PBXVariantGroup section */
		DC0C1A6822B4516500B219CB /* Main.storyboard */ = {
			isa = PBXVariantGroup;
			children = (
				DC0C1A6922B4516500B219CB /* Base */,
			);
			name = Main.storyboard;
			sourceTree = "<group>";
		};
		DC0C1A6D22B4516500B219CB /* LaunchScreen.storyboard */ = {
			isa = PBXVariantGroup;
			children = (
				DC0C1A6E22B4516500B219CB /* Base */,
			);
			name = LaunchScreen.storyboard;
			sourceTree = "<group>";
		};
		DC4BC2C122BBE95D001B20EE /* Login.storyboard */ = {
			isa = PBXVariantGroup;
			children = (
				DC4BC2C222BBE95D001B20EE /* Base */,
			);
			name = Login.storyboard;
			sourceTree = "<group>";
		};
		DC4BC2C522BBEA06001B20EE /* ProfileDetail.storyboard */ = {
			isa = PBXVariantGroup;
			children = (
				DC4BC2C622BBEA06001B20EE /* Base */,
			);
			name = ProfileDetail.storyboard;
			sourceTree = "<group>";
		};
/* End PBXVariantGroup section */

/* Begin XCBuildConfiguration section */
		DC0C1A7122B4516500B219CB /* Debug */ = {
			isa = XCBuildConfiguration;
			buildSettings = {
				ALWAYS_SEARCH_USER_PATHS = NO;
				CLANG_ANALYZER_NONNULL = YES;
				CLANG_ANALYZER_NUMBER_OBJECT_CONVERSION = YES_AGGRESSIVE;
				CLANG_CXX_LANGUAGE_STANDARD = "gnu++14";
				CLANG_CXX_LIBRARY = "libc++";
				CLANG_ENABLE_MODULES = YES;
				CLANG_ENABLE_OBJC_ARC = YES;
				CLANG_ENABLE_OBJC_WEAK = YES;
				CLANG_WARN_BLOCK_CAPTURE_AUTORELEASING = YES;
				CLANG_WARN_BOOL_CONVERSION = YES;
				CLANG_WARN_COMMA = YES;
				CLANG_WARN_CONSTANT_CONVERSION = YES;
				CLANG_WARN_DEPRECATED_OBJC_IMPLEMENTATIONS = YES;
				CLANG_WARN_DIRECT_OBJC_ISA_USAGE = YES_ERROR;
				CLANG_WARN_DOCUMENTATION_COMMENTS = YES;
				CLANG_WARN_EMPTY_BODY = YES;
				CLANG_WARN_ENUM_CONVERSION = YES;
				CLANG_WARN_INFINITE_RECURSION = YES;
				CLANG_WARN_INT_CONVERSION = YES;
				CLANG_WARN_NON_LITERAL_NULL_CONVERSION = YES;
				CLANG_WARN_OBJC_IMPLICIT_RETAIN_SELF = YES;
				CLANG_WARN_OBJC_LITERAL_CONVERSION = YES;
				CLANG_WARN_OBJC_ROOT_CLASS = YES_ERROR;
				CLANG_WARN_RANGE_LOOP_ANALYSIS = YES;
				CLANG_WARN_STRICT_PROTOTYPES = YES;
				CLANG_WARN_SUSPICIOUS_MOVE = YES;
				CLANG_WARN_UNGUARDED_AVAILABILITY = YES_AGGRESSIVE;
				CLANG_WARN_UNREACHABLE_CODE = YES;
				CLANG_WARN__DUPLICATE_METHOD_MATCH = YES;
				CODE_SIGN_IDENTITY = "iPhone Developer";
				COPY_PHASE_STRIP = NO;
				DEBUG_INFORMATION_FORMAT = dwarf;
				ENABLE_STRICT_OBJC_MSGSEND = YES;
				ENABLE_TESTABILITY = YES;
				GCC_C_LANGUAGE_STANDARD = gnu11;
				GCC_DYNAMIC_NO_PIC = NO;
				GCC_NO_COMMON_BLOCKS = YES;
				GCC_OPTIMIZATION_LEVEL = 0;
				GCC_PREPROCESSOR_DEFINITIONS = (
					"DEBUG=1",
					"$(inherited)",
				);
				GCC_WARN_64_TO_32_BIT_CONVERSION = YES;
				GCC_WARN_ABOUT_RETURN_TYPE = YES_ERROR;
				GCC_WARN_UNDECLARED_SELECTOR = YES;
				GCC_WARN_UNINITIALIZED_AUTOS = YES_AGGRESSIVE;
				GCC_WARN_UNUSED_FUNCTION = YES;
				GCC_WARN_UNUSED_VARIABLE = YES;
				IPHONEOS_DEPLOYMENT_TARGET = 12.2;
				MTL_ENABLE_DEBUG_INFO = INCLUDE_SOURCE;
				MTL_FAST_MATH = YES;
				ONLY_ACTIVE_ARCH = YES;
				SDKROOT = iphoneos;
				SWIFT_ACTIVE_COMPILATION_CONDITIONS = DEBUG;
				SWIFT_OPTIMIZATION_LEVEL = "-Onone";
			};
			name = Debug;
		};
		DC0C1A7222B4516500B219CB /* Release */ = {
			isa = XCBuildConfiguration;
			buildSettings = {
				ALWAYS_SEARCH_USER_PATHS = NO;
				CLANG_ANALYZER_NONNULL = YES;
				CLANG_ANALYZER_NUMBER_OBJECT_CONVERSION = YES_AGGRESSIVE;
				CLANG_CXX_LANGUAGE_STANDARD = "gnu++14";
				CLANG_CXX_LIBRARY = "libc++";
				CLANG_ENABLE_MODULES = YES;
				CLANG_ENABLE_OBJC_ARC = YES;
				CLANG_ENABLE_OBJC_WEAK = YES;
				CLANG_WARN_BLOCK_CAPTURE_AUTORELEASING = YES;
				CLANG_WARN_BOOL_CONVERSION = YES;
				CLANG_WARN_COMMA = YES;
				CLANG_WARN_CONSTANT_CONVERSION = YES;
				CLANG_WARN_DEPRECATED_OBJC_IMPLEMENTATIONS = YES;
				CLANG_WARN_DIRECT_OBJC_ISA_USAGE = YES_ERROR;
				CLANG_WARN_DOCUMENTATION_COMMENTS = YES;
				CLANG_WARN_EMPTY_BODY = YES;
				CLANG_WARN_ENUM_CONVERSION = YES;
				CLANG_WARN_INFINITE_RECURSION = YES;
				CLANG_WARN_INT_CONVERSION = YES;
				CLANG_WARN_NON_LITERAL_NULL_CONVERSION = YES;
				CLANG_WARN_OBJC_IMPLICIT_RETAIN_SELF = YES;
				CLANG_WARN_OBJC_LITERAL_CONVERSION = YES;
				CLANG_WARN_OBJC_ROOT_CLASS = YES_ERROR;
				CLANG_WARN_RANGE_LOOP_ANALYSIS = YES;
				CLANG_WARN_STRICT_PROTOTYPES = YES;
				CLANG_WARN_SUSPICIOUS_MOVE = YES;
				CLANG_WARN_UNGUARDED_AVAILABILITY = YES_AGGRESSIVE;
				CLANG_WARN_UNREACHABLE_CODE = YES;
				CLANG_WARN__DUPLICATE_METHOD_MATCH = YES;
				CODE_SIGN_IDENTITY = "iPhone Developer";
				COPY_PHASE_STRIP = NO;
				DEBUG_INFORMATION_FORMAT = "dwarf-with-dsym";
				ENABLE_NS_ASSERTIONS = NO;
				ENABLE_STRICT_OBJC_MSGSEND = YES;
				GCC_C_LANGUAGE_STANDARD = gnu11;
				GCC_NO_COMMON_BLOCKS = YES;
				GCC_WARN_64_TO_32_BIT_CONVERSION = YES;
				GCC_WARN_ABOUT_RETURN_TYPE = YES_ERROR;
				GCC_WARN_UNDECLARED_SELECTOR = YES;
				GCC_WARN_UNINITIALIZED_AUTOS = YES_AGGRESSIVE;
				GCC_WARN_UNUSED_FUNCTION = YES;
				GCC_WARN_UNUSED_VARIABLE = YES;
				IPHONEOS_DEPLOYMENT_TARGET = 12.2;
				MTL_ENABLE_DEBUG_INFO = NO;
				MTL_FAST_MATH = YES;
				SDKROOT = iphoneos;
				SWIFT_COMPILATION_MODE = wholemodule;
				SWIFT_OPTIMIZATION_LEVEL = "-O";
				VALIDATE_PRODUCT = YES;
			};
			name = Release;
		};
		DC0C1A7422B4516500B219CB /* Debug */ = {
			isa = XCBuildConfiguration;
			buildSettings = {
				ASSETCATALOG_COMPILER_APPICON_NAME = AppIcon;
				CODE_SIGN_STYLE = Automatic;
				DEVELOPMENT_TEAM = H8Y4FR84B6;
				ENABLE_BITCODE = NO;
				FRAMEWORK_SEARCH_PATHS = (
					"$(inherited)",
					"$(PROJECT_DIR)/Carthage/Build/iOS",
				);
				INFOPLIST_FILE = "$(SRCROOT)/TeamNightHawkGroupProject/Resources/Info.plist";
				IPHONEOS_DEPLOYMENT_TARGET = 12.0;
				LD_RUNPATH_SEARCH_PATHS = (
					"$(inherited)",
					"@executable_path/Frameworks",
				);
				OTHER_LDFLAGS = (
					"$(OTHER_LDFLAGS)",
					"-ObjC",
				);
				PRODUCT_BUNDLE_IDENTIFIER = KadenDevMountain.TeamNightHawkGroupProject;
				PRODUCT_NAME = "$(TARGET_NAME)";
				SWIFT_VERSION = 5.0;
				TARGETED_DEVICE_FAMILY = "1,2";
			};
			name = Debug;
		};
		DC0C1A7522B4516500B219CB /* Release */ = {
			isa = XCBuildConfiguration;
			buildSettings = {
				ASSETCATALOG_COMPILER_APPICON_NAME = AppIcon;
				CODE_SIGN_STYLE = Automatic;
				DEVELOPMENT_TEAM = H8Y4FR84B6;
				ENABLE_BITCODE = NO;
				FRAMEWORK_SEARCH_PATHS = (
					"$(inherited)",
					"$(PROJECT_DIR)/Carthage/Build/iOS",
				);
				INFOPLIST_FILE = "$(SRCROOT)/TeamNightHawkGroupProject/Resources/Info.plist";
				IPHONEOS_DEPLOYMENT_TARGET = 12.0;
				LD_RUNPATH_SEARCH_PATHS = (
					"$(inherited)",
					"@executable_path/Frameworks",
				);
				OTHER_LDFLAGS = (
					"$(OTHER_LDFLAGS)",
					"-ObjC",
				);
				PRODUCT_BUNDLE_IDENTIFIER = KadenDevMountain.TeamNightHawkGroupProject;
				PRODUCT_NAME = "$(TARGET_NAME)";
				SWIFT_VERSION = 5.0;
				TARGETED_DEVICE_FAMILY = "1,2";
			};
			name = Release;
		};
/* End XCBuildConfiguration section */

/* Begin XCConfigurationList section */
		DC0C1A5C22B4516500B219CB /* Build configuration list for PBXProject "TeamNightHawkGroupProject" */ = {
			isa = XCConfigurationList;
			buildConfigurations = (
				DC0C1A7122B4516500B219CB /* Debug */,
				DC0C1A7222B4516500B219CB /* Release */,
			);
			defaultConfigurationIsVisible = 0;
			defaultConfigurationName = Release;
		};
		DC0C1A7322B4516500B219CB /* Build configuration list for PBXNativeTarget "TeamNightHawkGroupProject" */ = {
			isa = XCConfigurationList;
			buildConfigurations = (
				DC0C1A7422B4516500B219CB /* Debug */,
				DC0C1A7522B4516500B219CB /* Release */,
			);
			defaultConfigurationIsVisible = 0;
			defaultConfigurationName = Release;
		};
/* End XCConfigurationList section */
	};
	rootObject = DC0C1A5922B4516500B219CB /* Project object */;
}
